
Microsoft Visual Studio Solution File, Format Version 9.00
# Visual Studio 2005
Project("{FAE04EC0-301F-11D3-BF4B-00C04F79EFBC}") = "AlertSMS", "AlertSMS\AlertSMS.csproj", "{42D86A3D-CEA7-4821-811B-CD4967B011F9}"
EndProject
Project("{54435603-DBB4-11D2-8724-00A0C9A8B90C}") = "AlertSmsSetup", "..\..\..\..\..\..\AlertSmsSetup\AlertSmsSetup.vdproj", "{093120B8-92D7-4808-9F64-FE189DB05CE4}"
EndProject
Global
	GlobalSection(SolutionConfigurationPlatforms) = preSolution
		Debug|.NET = Debug|.NET
		Debug|Any CPU = Debug|Any CPU
		Debug|Mixed Platforms = Debug|Mixed Platforms
		Release|.NET = Release|.NET
		Release|Any CPU = Release|Any CPU
		Release|Mixed Platforms = Release|Mixed Platforms
	EndGlobalSection
	GlobalSection(ProjectConfigurationPlatforms) = postSolution
		{42D86A3D-CEA7-4821-811B-CD4967B011F9}.Debug|.NET.ActiveCfg = Debug|Any CPU
		{42D86A3D-CEA7-4821-811B-CD4967B011F9}.Debug|Any CPU.ActiveCfg = Debug|Any CPU
		{42D86A3D-CEA7-4821-811B-CD4967B011F9}.Debug|Any CPU.Build.0 = Debug|Any CPU
		{42D86A3D-CEA7-4821-811B-CD4967B011F9}.Debug|Mixed Platforms.ActiveCfg = Debug|Any CPU
		{42D86A3D-CEA7-4821-811B-CD4967B011F9}.Debug|Mixed Platforms.Build.0 = Debug|Any CPU
		{42D86A3D-CEA7-4821-811B-CD4967B011F9}.Release|.NET.ActiveCfg = Release|Any CPU
		{42D86A3D-CEA7-4821-811B-CD4967B011F9}.Release|Any CPU.ActiveCfg = Release|Any CPU
		{42D86A3D-CEA7-4821-811B-CD4967B011F9}.Release|Any CPU.Build.0 = Release|Any CPU
		{42D86A3D-CEA7-4821-811B-CD4967B011F9}.Release|Mixed Platforms.ActiveCfg = Release|Any CPU
		{42D86A3D-CEA7-4821-811B-CD4967B011F9}.Release|Mixed Platforms.Build.0 = Release|Any CPU
		{093120B8-92D7-4808-9F64-FE189DB05CE4}.Debug|.NET.ActiveCfg = Debug
		{093120B8-92D7-4808-9F64-FE189DB05CE4}.Debug|.NET.Build.0 = Debug
		{093120B8-92D7-4808-9F64-FE189DB05CE4}.Debug|Any CPU.ActiveCfg = Debug
		{093120B8-92D7-4808-9F64-FE189DB05CE4}.Debug|Mixed Platforms.ActiveCfg = Debug
		{093120B8-92D7-4808-9F64-FE189DB05CE4}.Debug|Mixed Platforms.Build.0 = Debug
		{093120B8-92D7-4808-9F64-FE189DB05CE4}.Release|.NET.ActiveCfg = Release
		{093120B8-92D7-4808-9F64-FE189DB05CE4}.Release|.NET.Build.0 = Release
		{093120B8-92D7-4808-9F64-FE189DB05CE4}.Release|Any CPU.ActiveCfg = Release
		{093120B8-92D7-4808-9F64-FE189DB05CE4}.Release|Mixed Platforms.ActiveCfg = Release
		{093120B8-92D7-4808-9F64-FE189DB05CE4}.Release|Mixed Platforms.Build.0 = Release
	EndGlobalSection
	GlobalSection(SolutionProperties) = preSolution
		HideSolutionNode = FALSE
	EndGlobalSection
EndGlobal
